// !$*UTF8*$!
{
	archiveVersion = 1;
	classes = {
	};
	objectVersion = 46;
	objects = {

/* Begin PBXBuildFile section */
		260E7FCD1BCF7FD6008324C9 /* Launch.storyboard in Resources */ = {isa = PBXBuildFile; fileRef = 260E7FCC1BCF7FD6008324C9 /* Launch.storyboard */; };
		2677BAB61D2DE09000814528 /* SSTLocationBarViewController.m in Sources */ = {isa = PBXBuildFile; fileRef = 2677BAB51D2DE09000814528 /* SSTLocationBarViewController.m */; };
		2677BAB91D2DE0C000814528 /* SSTBottomNavigationViewController.m in Sources */ = {isa = PBXBuildFile; fileRef = 2677BAB81D2DE0C000814528 /* SSTBottomNavigationViewController.m */; };
		2677BABC1D2DE27000814528 /* SSTCollectionViewCoordinator.m in Sources */ = {isa = PBXBuildFile; fileRef = 2677BABB1D2DE27000814528 /* SSTCollectionViewCoordinator.m */; };
		269A3F0619BFB94C009539B7 /* Foundation.framework in Frameworks */ = {isa = PBXBuildFile; fileRef = 269A3F0519BFB94C009539B7 /* Foundation.framework */; };
		269A3F0819BFB94C009539B7 /* CoreGraphics.framework in Frameworks */ = {isa = PBXBuildFile; fileRef = 269A3F0719BFB94C009539B7 /* CoreGraphics.framework */; };
		269A3F0A19BFB94C009539B7 /* UIKit.framework in Frameworks */ = {isa = PBXBuildFile; fileRef = 269A3F0919BFB94C009539B7 /* UIKit.framework */; };
		269A3F1019BFB94C009539B7 /* InfoPlist.strings in Resources */ = {isa = PBXBuildFile; fileRef = 269A3F0E19BFB94C009539B7 /* InfoPlist.strings */; };
		269A3F1219BFB94C009539B7 /* main.m in Sources */ = {isa = PBXBuildFile; fileRef = 269A3F1119BFB94C009539B7 /* main.m */; };
		269A3F1619BFB94C009539B7 /* SSTAppDelegate.m in Sources */ = {isa = PBXBuildFile; fileRef = 269A3F1519BFB94C009539B7 /* SSTAppDelegate.m */; };
		269A3F1919BFB94C009539B7 /* Main.storyboard in Resources */ = {isa = PBXBuildFile; fileRef = 269A3F1719BFB94C009539B7 /* Main.storyboard */; };
		269A3F1E19BFB94C009539B7 /* Images.xcassets in Resources */ = {isa = PBXBuildFile; fileRef = 269A3F1D19BFB94C009539B7 /* Images.xcassets */; };
		269A3F2519BFB94C009539B7 /* XCTest.framework in Frameworks */ = {isa = PBXBuildFile; fileRef = 269A3F2419BFB94C009539B7 /* XCTest.framework */; };
		269A3F2619BFB94C009539B7 /* Foundation.framework in Frameworks */ = {isa = PBXBuildFile; fileRef = 269A3F0519BFB94C009539B7 /* Foundation.framework */; };
		269A3F2719BFB94C009539B7 /* UIKit.framework in Frameworks */ = {isa = PBXBuildFile; fileRef = 269A3F0919BFB94C009539B7 /* UIKit.framework */; };
		269A3F2F19BFB94C009539B7 /* InfoPlist.strings in Resources */ = {isa = PBXBuildFile; fileRef = 269A3F2D19BFB94C009539B7 /* InfoPlist.strings */; };
		269A3F3119BFB94C009539B7 /* PullupTests.m in Sources */ = {isa = PBXBuildFile; fileRef = 269A3F3019BFB94C009539B7 /* PullupTests.m */; };
		269A3F3C19BFBCBB009539B7 /* SSTBaseViewController.m in Sources */ = {isa = PBXBuildFile; fileRef = 269A3F3B19BFBCBB009539B7 /* SSTBaseViewController.m */; };
		269A3F3F19BFBED0009539B7 /* SSTMainViewController.m in Sources */ = {isa = PBXBuildFile; fileRef = 269A3F3E19BFBED0009539B7 /* SSTMainViewController.m */; };
		269A3F4219BFBF10009539B7 /* SSTCollectionViewController.m in Sources */ = {isa = PBXBuildFile; fileRef = 269A3F4119BFBF10009539B7 /* SSTCollectionViewController.m */; };
		674D47C66628D028EBDCD018 /* libPods-PullupTests.a in Frameworks */ = {isa = PBXBuildFile; fileRef = 8571A2B4A69BB20DF4777F36 /* libPods-PullupTests.a */; };
		D801349255462CA484FD5710 /* libPods-Pullup.a in Frameworks */ = {isa = PBXBuildFile; fileRef = 262281221BB429254360C7BA /* libPods-Pullup.a */; };
/* End PBXBuildFile section */

/* Begin PBXContainerItemProxy section */
		269A3F2819BFB94C009539B7 /* PBXContainerItemProxy */ = {
			isa = PBXContainerItemProxy;
			containerPortal = 269A3EFA19BFB94C009539B7 /* Project object */;
			proxyType = 1;
			remoteGlobalIDString = 269A3F0119BFB94C009539B7;
			remoteInfo = Pullup;
		};
/* End PBXContainerItemProxy section */

/* Begin PBXFileReference section */
		260E7FCC1BCF7FD6008324C9 /* Launch.storyboard */ = {isa = PBXFileReference; fileEncoding = 4; lastKnownFileType = file.storyboard; path = Launch.storyboard; sourceTree = "<group>"; };
		262281221BB429254360C7BA /* libPods-Pullup.a */ = {isa = PBXFileReference; explicitFileType = archive.ar; includeInIndex = 0; path = "libPods-Pullup.a"; sourceTree = BUILT_PRODUCTS_DIR; };
		262B18441D244E4A00CD0230 /* Macros.h */ = {isa = PBXFileReference; lastKnownFileType = sourcecode.c.h; path = Macros.h; sourceTree = "<group>"; };
		2677BAB41D2DE09000814528 /* SSTLocationBarViewController.h */ = {isa = PBXFileReference; fileEncoding = 4; lastKnownFileType = sourcecode.c.h; path = SSTLocationBarViewController.h; sourceTree = "<group>"; };
		2677BAB51D2DE09000814528 /* SSTLocationBarViewController.m */ = {isa = PBXFileReference; fileEncoding = 4; lastKnownFileType = sourcecode.c.objc; path = SSTLocationBarViewController.m; sourceTree = "<group>"; };
		2677BAB71D2DE0C000814528 /* SSTBottomNavigationViewController.h */ = {isa = PBXFileReference; fileEncoding = 4; lastKnownFileType = sourcecode.c.h; path = SSTBottomNavigationViewController.h; sourceTree = "<group>"; };
		2677BAB81D2DE0C000814528 /* SSTBottomNavigationViewController.m */ = {isa = PBXFileReference; fileEncoding = 4; lastKnownFileType = sourcecode.c.objc; path = SSTBottomNavigationViewController.m; sourceTree = "<group>"; };
		2677BABA1D2DE27000814528 /* SSTCollectionViewCoordinator.h */ = {isa = PBXFileReference; fileEncoding = 4; lastKnownFileType = sourcecode.c.h; path = SSTCollectionViewCoordinator.h; sourceTree = "<group>"; };
		2677BABB1D2DE27000814528 /* SSTCollectionViewCoordinator.m */ = {isa = PBXFileReference; fileEncoding = 4; lastKnownFileType = sourcecode.c.objc; path = SSTCollectionViewCoordinator.m; sourceTree = "<group>"; };
		269A3F0219BFB94C009539B7 /* Pullup.app */ = {isa = PBXFileReference; explicitFileType = wrapper.application; includeInIndex = 0; path = Pullup.app; sourceTree = BUILT_PRODUCTS_DIR; };
		269A3F0519BFB94C009539B7 /* Foundation.framework */ = {isa = PBXFileReference; lastKnownFileType = wrapper.framework; name = Foundation.framework; path = System/Library/Frameworks/Foundation.framework; sourceTree = SDKROOT; };
		269A3F0719BFB94C009539B7 /* CoreGraphics.framework */ = {isa = PBXFileReference; lastKnownFileType = wrapper.framework; name = CoreGraphics.framework; path = System/Library/Frameworks/CoreGraphics.framework; sourceTree = SDKROOT; };
		269A3F0919BFB94C009539B7 /* UIKit.framework */ = {isa = PBXFileReference; lastKnownFileType = wrapper.framework; name = UIKit.framework; path = System/Library/Frameworks/UIKit.framework; sourceTree = SDKROOT; };
		269A3F0D19BFB94C009539B7 /* Pullup-Info.plist */ = {isa = PBXFileReference; lastKnownFileType = text.plist.xml; path = "Pullup-Info.plist"; sourceTree = "<group>"; };
		269A3F0F19BFB94C009539B7 /* en */ = {isa = PBXFileReference; lastKnownFileType = text.plist.strings; name = en; path = en.lproj/InfoPlist.strings; sourceTree = "<group>"; };
		269A3F1119BFB94C009539B7 /* main.m */ = {isa = PBXFileReference; lastKnownFileType = sourcecode.c.objc; path = main.m; sourceTree = "<group>"; };
		269A3F1319BFB94C009539B7 /* Pullup-Prefix.pch */ = {isa = PBXFileReference; lastKnownFileType = sourcecode.c.h; path = "Pullup-Prefix.pch"; sourceTree = "<group>"; };
		269A3F1419BFB94C009539B7 /* SSTAppDelegate.h */ = {isa = PBXFileReference; lastKnownFileType = sourcecode.c.h; path = SSTAppDelegate.h; sourceTree = "<group>"; };
		269A3F1519BFB94C009539B7 /* SSTAppDelegate.m */ = {isa = PBXFileReference; lastKnownFileType = sourcecode.c.objc; path = SSTAppDelegate.m; sourceTree = "<group>"; };
		269A3F1819BFB94C009539B7 /* Base */ = {isa = PBXFileReference; lastKnownFileType = file.storyboard; name = Base; path = Base.lproj/Main.storyboard; sourceTree = "<group>"; };
		269A3F1D19BFB94C009539B7 /* Images.xcassets */ = {isa = PBXFileReference; lastKnownFileType = folder.assetcatalog; path = Images.xcassets; sourceTree = "<group>"; };
		269A3F2319BFB94C009539B7 /* PullupTests.xctest */ = {isa = PBXFileReference; explicitFileType = wrapper.cfbundle; includeInIndex = 0; path = PullupTests.xctest; sourceTree = BUILT_PRODUCTS_DIR; };
		269A3F2419BFB94C009539B7 /* XCTest.framework */ = {isa = PBXFileReference; lastKnownFileType = wrapper.framework; name = XCTest.framework; path = Library/Frameworks/XCTest.framework; sourceTree = DEVELOPER_DIR; };
		269A3F2C19BFB94C009539B7 /* PullupTests-Info.plist */ = {isa = PBXFileReference; lastKnownFileType = text.plist.xml; path = "PullupTests-Info.plist"; sourceTree = "<group>"; };
		269A3F2E19BFB94C009539B7 /* en */ = {isa = PBXFileReference; lastKnownFileType = text.plist.strings; name = en; path = en.lproj/InfoPlist.strings; sourceTree = "<group>"; };
		269A3F3019BFB94C009539B7 /* PullupTests.m */ = {isa = PBXFileReference; lastKnownFileType = sourcecode.c.objc; path = PullupTests.m; sourceTree = "<group>"; };
		269A3F3A19BFBCBB009539B7 /* SSTBaseViewController.h */ = {isa = PBXFileReference; fileEncoding = 4; lastKnownFileType = sourcecode.c.h; path = SSTBaseViewController.h; sourceTree = "<group>"; };
		269A3F3B19BFBCBB009539B7 /* SSTBaseViewController.m */ = {isa = PBXFileReference; fileEncoding = 4; lastKnownFileType = sourcecode.c.objc; path = SSTBaseViewController.m; sourceTree = "<group>"; };
		269A3F3D19BFBED0009539B7 /* SSTMainViewController.h */ = {isa = PBXFileReference; fileEncoding = 4; lastKnownFileType = sourcecode.c.h; path = SSTMainViewController.h; sourceTree = "<group>"; };
		269A3F3E19BFBED0009539B7 /* SSTMainViewController.m */ = {isa = PBXFileReference; fileEncoding = 4; lastKnownFileType = sourcecode.c.objc; path = SSTMainViewController.m; sourceTree = "<group>"; };
		269A3F4019BFBF10009539B7 /* SSTCollectionViewController.h */ = {isa = PBXFileReference; fileEncoding = 4; lastKnownFileType = sourcecode.c.h; path = SSTCollectionViewController.h; sourceTree = "<group>"; };
		269A3F4119BFBF10009539B7 /* SSTCollectionViewController.m */ = {isa = PBXFileReference; fileEncoding = 4; lastKnownFileType = sourcecode.c.objc; path = SSTCollectionViewController.m; sourceTree = "<group>"; };
		6EFB4EB3353AC9888860A427 /* Pods-Pullup.debug.xcconfig */ = {isa = PBXFileReference; includeInIndex = 1; lastKnownFileType = text.xcconfig; name = "Pods-Pullup.debug.xcconfig"; path = "Pods/Target Support Files/Pods-Pullup/Pods-Pullup.debug.xcconfig"; sourceTree = "<group>"; };
		8571A2B4A69BB20DF4777F36 /* libPods-PullupTests.a */ = {isa = PBXFileReference; explicitFileType = archive.ar; includeInIndex = 0; path = "libPods-PullupTests.a"; sourceTree = BUILT_PRODUCTS_DIR; };
		CC7D85E396133F021B0B7E1A /* Pods-PullupTests.debug.xcconfig */ = {isa = PBXFileReference; includeInIndex = 1; lastKnownFileType = text.xcconfig; name = "Pods-PullupTests.debug.xcconfig"; path = "Pods/Target Support Files/Pods-PullupTests/Pods-PullupTests.debug.xcconfig"; sourceTree = "<group>"; };
		D1F8F19038E9FC7CCB22C733 /* Pods-Pullup.release.xcconfig */ = {isa = PBXFileReference; includeInIndex = 1; lastKnownFileType = text.xcconfig; name = "Pods-Pullup.release.xcconfig"; path = "Pods/Target Support Files/Pods-Pullup/Pods-Pullup.release.xcconfig"; sourceTree = "<group>"; };
		E2642A9E21E03AD15EB16CDF /* Pods-PullupTests.release.xcconfig */ = {isa = PBXFileReference; includeInIndex = 1; lastKnownFileType = text.xcconfig; name = "Pods-PullupTests.release.xcconfig"; path = "Pods/Target Support Files/Pods-PullupTests/Pods-PullupTests.release.xcconfig"; sourceTree = "<group>"; };
/* End PBXFileReference section */

/* Begin PBXFrameworksBuildPhase section */
		269A3EFF19BFB94C009539B7 /* Frameworks */ = {
			isa = PBXFrameworksBuildPhase;
			buildActionMask = 2147483647;
			files = (
				269A3F0819BFB94C009539B7 /* CoreGraphics.framework in Frameworks */,
				269A3F0A19BFB94C009539B7 /* UIKit.framework in Frameworks */,
				269A3F0619BFB94C009539B7 /* Foundation.framework in Frameworks */,
				D801349255462CA484FD5710 /* libPods-Pullup.a in Frameworks */,
			);
			runOnlyForDeploymentPostprocessing = 0;
		};
		269A3F2019BFB94C009539B7 /* Frameworks */ = {
			isa = PBXFrameworksBuildPhase;
			buildActionMask = 2147483647;
			files = (
				269A3F2519BFB94C009539B7 /* XCTest.framework in Frameworks */,
				269A3F2719BFB94C009539B7 /* UIKit.framework in Frameworks */,
				269A3F2619BFB94C009539B7 /* Foundation.framework in Frameworks */,
				674D47C66628D028EBDCD018 /* libPods-PullupTests.a in Frameworks */,
			);
			runOnlyForDeploymentPostprocessing = 0;
		};
/* End PBXFrameworksBuildPhase section */

/* Begin PBXGroup section */
		269A3EF919BFB94C009539B7 = {
			isa = PBXGroup;
			children = (
				269A3F0B19BFB94C009539B7 /* Pullup */,
				269A3F2A19BFB94C009539B7 /* PullupTests */,
				269A3F0419BFB94C009539B7 /* Frameworks */,
				269A3F0319BFB94C009539B7 /* Products */,
				C740CF35AF86A0AD41692526 /* Pods */,
			);
			sourceTree = "<group>";
		};
		269A3F0319BFB94C009539B7 /* Products */ = {
			isa = PBXGroup;
			children = (
				269A3F0219BFB94C009539B7 /* Pullup.app */,
				269A3F2319BFB94C009539B7 /* PullupTests.xctest */,
			);
			name = Products;
			sourceTree = "<group>";
		};
		269A3F0419BFB94C009539B7 /* Frameworks */ = {
			isa = PBXGroup;
			children = (
				269A3F0519BFB94C009539B7 /* Foundation.framework */,
				269A3F0719BFB94C009539B7 /* CoreGraphics.framework */,
				269A3F0919BFB94C009539B7 /* UIKit.framework */,
				269A3F2419BFB94C009539B7 /* XCTest.framework */,
				262281221BB429254360C7BA /* libPods-Pullup.a */,
				8571A2B4A69BB20DF4777F36 /* libPods-PullupTests.a */,
			);
			name = Frameworks;
			sourceTree = "<group>";
		};
		269A3F0B19BFB94C009539B7 /* Pullup */ = {
			isa = PBXGroup;
			children = (
				269A3F0C19BFB94C009539B7 /* Supporting Files */,
				269A3F1D19BFB94C009539B7 /* Images.xcassets */,
				262B18441D244E4A00CD0230 /* Macros.h */,
				269A3F1419BFB94C009539B7 /* SSTAppDelegate.h */,
				269A3F1519BFB94C009539B7 /* SSTAppDelegate.m */,
				260E7FCC1BCF7FD6008324C9 /* Launch.storyboard */,
				269A3F1719BFB94C009539B7 /* Main.storyboard */,
				2677BABA1D2DE27000814528 /* SSTCollectionViewCoordinator.h */,
				2677BABB1D2DE27000814528 /* SSTCollectionViewCoordinator.m */,
				269A3F3A19BFBCBB009539B7 /* SSTBaseViewController.h */,
				269A3F3B19BFBCBB009539B7 /* SSTBaseViewController.m */,
				269A3F3D19BFBED0009539B7 /* SSTMainViewController.h */,
				269A3F3E19BFBED0009539B7 /* SSTMainViewController.m */,
				269A3F4019BFBF10009539B7 /* SSTCollectionViewController.h */,
				269A3F4119BFBF10009539B7 /* SSTCollectionViewController.m */,
				2677BAB41D2DE09000814528 /* SSTLocationBarViewController.h */,
				2677BAB51D2DE09000814528 /* SSTLocationBarViewController.m */,
				2677BAB71D2DE0C000814528 /* SSTBottomNavigationViewController.h */,
				2677BAB81D2DE0C000814528 /* SSTBottomNavigationViewController.m */,
			);
			path = Pullup;
			sourceTree = "<group>";
		};
		269A3F0C19BFB94C009539B7 /* Supporting Files */ = {
			isa = PBXGroup;
			children = (
				269A3F0D19BFB94C009539B7 /* Pullup-Info.plist */,
				269A3F0E19BFB94C009539B7 /* InfoPlist.strings */,
				269A3F1119BFB94C009539B7 /* main.m */,
				269A3F1319BFB94C009539B7 /* Pullup-Prefix.pch */,
			);
			name = "Supporting Files";
			sourceTree = "<group>";
		};
		269A3F2A19BFB94C009539B7 /* PullupTests */ = {
			isa = PBXGroup;
			children = (
				269A3F3019BFB94C009539B7 /* PullupTests.m */,
				269A3F2B19BFB94C009539B7 /* Supporting Files */,
			);
			path = PullupTests;
			sourceTree = "<group>";
		};
		269A3F2B19BFB94C009539B7 /* Supporting Files */ = {
			isa = PBXGroup;
			children = (
				269A3F2C19BFB94C009539B7 /* PullupTests-Info.plist */,
				269A3F2D19BFB94C009539B7 /* InfoPlist.strings */,
			);
			name = "Supporting Files";
			sourceTree = "<group>";
		};
		C740CF35AF86A0AD41692526 /* Pods */ = {
			isa = PBXGroup;
			children = (
				6EFB4EB3353AC9888860A427 /* Pods-Pullup.debug.xcconfig */,
				D1F8F19038E9FC7CCB22C733 /* Pods-Pullup.release.xcconfig */,
				CC7D85E396133F021B0B7E1A /* Pods-PullupTests.debug.xcconfig */,
				E2642A9E21E03AD15EB16CDF /* Pods-PullupTests.release.xcconfig */,
			);
			name = Pods;
			sourceTree = "<group>";
		};
/* End PBXGroup section */

/* Begin PBXNativeTarget section */
		269A3F0119BFB94C009539B7 /* Pullup */ = {
			isa = PBXNativeTarget;
			buildConfigurationList = 269A3F3419BFB94D009539B7 /* Build configuration list for PBXNativeTarget "Pullup" */;
			buildPhases = (
				A89647F4C3ACD86928F99F94 /* [CP] Check Pods Manifest.lock */,
				269A3EFE19BFB94C009539B7 /* Sources */,
				269A3EFF19BFB94C009539B7 /* Frameworks */,
				269A3F0019BFB94C009539B7 /* Resources */,
				48FCD099397FE9B768E80407 /* [CP] Embed Pods Frameworks */,
				2316C191D5DA394FCE7DB0E2 /* [CP] Copy Pods Resources */,
			);
			buildRules = (
			);
			dependencies = (
			);
			name = Pullup;
			productName = Pullup;
			productReference = 269A3F0219BFB94C009539B7 /* Pullup.app */;
			productType = "com.apple.product-type.application";
		};
		269A3F2219BFB94C009539B7 /* PullupTests */ = {
			isa = PBXNativeTarget;
			buildConfigurationList = 269A3F3719BFB94D009539B7 /* Build configuration list for PBXNativeTarget "PullupTests" */;
			buildPhases = (
				6E4FB42EE456109BD20D416A /* [CP] Check Pods Manifest.lock */,
				269A3F1F19BFB94C009539B7 /* Sources */,
				269A3F2019BFB94C009539B7 /* Frameworks */,
				269A3F2119BFB94C009539B7 /* Resources */,
				AA44F1EBA54A2B51CD77F394 /* [CP] Embed Pods Frameworks */,
				6F30DF5E6BD36302FCB0636F /* [CP] Copy Pods Resources */,
			);
			buildRules = (
			);
			dependencies = (
				269A3F2919BFB94C009539B7 /* PBXTargetDependency */,
			);
			name = PullupTests;
			productName = PullupTests;
			productReference = 269A3F2319BFB94C009539B7 /* PullupTests.xctest */;
			productType = "com.apple.product-type.bundle.unit-test";
		};
/* End PBXNativeTarget section */

/* Begin PBXProject section */
		269A3EFA19BFB94C009539B7 /* Project object */ = {
			isa = PBXProject;
			attributes = {
				CLASSPREFIX = SST;
				LastUpgradeCheck = 0510;
				ORGANIZATIONNAME = SmallSharpTools;
				TargetAttributes = {
					269A3F2219BFB94C009539B7 = {
						TestTargetID = 269A3F0119BFB94C009539B7;
					};
				};
			};
			buildConfigurationList = 269A3EFD19BFB94C009539B7 /* Build configuration list for PBXProject "Pullup" */;
			compatibilityVersion = "Xcode 3.2";
			developmentRegion = English;
			hasScannedForEncodings = 0;
			knownRegions = (
				en,
				Base,
			);
			mainGroup = 269A3EF919BFB94C009539B7;
			productRefGroup = 269A3F0319BFB94C009539B7 /* Products */;
			projectDirPath = "";
			projectRoot = "";
			targets = (
				269A3F0119BFB94C009539B7 /* Pullup */,
				269A3F2219BFB94C009539B7 /* PullupTests */,
			);
		};
/* End PBXProject section */

/* Begin PBXResourcesBuildPhase section */
		269A3F0019BFB94C009539B7 /* Resources */ = {
			isa = PBXResourcesBuildPhase;
			buildActionMask = 2147483647;
			files = (
				269A3F1E19BFB94C009539B7 /* Images.xcassets in Resources */,
				269A3F1019BFB94C009539B7 /* InfoPlist.strings in Resources */,
				269A3F1919BFB94C009539B7 /* Main.storyboard in Resources */,
				260E7FCD1BCF7FD6008324C9 /* Launch.storyboard in Resources */,
			);
			runOnlyForDeploymentPostprocessing = 0;
		};
		269A3F2119BFB94C009539B7 /* Resources */ = {
			isa = PBXResourcesBuildPhase;
			buildActionMask = 2147483647;
			files = (
				269A3F2F19BFB94C009539B7 /* InfoPlist.strings in Resources */,
			);
			runOnlyForDeploymentPostprocessing = 0;
		};
/* End PBXResourcesBuildPhase section */

/* Begin PBXShellScriptBuildPhase section */
		2316C191D5DA394FCE7DB0E2 /* [CP] Copy Pods Resources */ = {
			isa = PBXShellScriptBuildPhase;
			buildActionMask = 2147483647;
			files = (
			);
			inputPaths = (
			);
			name = "[CP] Copy Pods Resources";
			outputPaths = (
			);
			runOnlyForDeploymentPostprocessing = 0;
			shellPath = /bin/sh;
			shellScript = "\"${SRCROOT}/Pods/Target Support Files/Pods-Pullup/Pods-Pullup-resources.sh\"\n";
			showEnvVarsInLog = 0;
		};
		48FCD099397FE9B768E80407 /* [CP] Embed Pods Frameworks */ = {
			isa = PBXShellScriptBuildPhase;
			buildActionMask = 2147483647;
			files = (
			);
			inputPaths = (
			);
			name = "[CP] Embed Pods Frameworks";
			outputPaths = (
			);
			runOnlyForDeploymentPostprocessing = 0;
			shellPath = /bin/sh;
			shellScript = "\"${SRCROOT}/Pods/Target Support Files/Pods-Pullup/Pods-Pullup-frameworks.sh\"\n";
			showEnvVarsInLog = 0;
		};
		6E4FB42EE456109BD20D416A /* [CP] Check Pods Manifest.lock */ = {
			isa = PBXShellScriptBuildPhase;
			buildActionMask = 2147483647;
			files = (
			);
			inputPaths = (
			);
			name = "[CP] Check Pods Manifest.lock";
			outputPaths = (
			);
			runOnlyForDeploymentPostprocessing = 0;
			shellPath = /bin/sh;
			shellScript = "diff \"${PODS_ROOT}/../Podfile.lock\" \"${PODS_ROOT}/Manifest.lock\" > /dev/null\nif [[ $? != 0 ]] ; then\n    cat << EOM\nerror: The sandbox is not in sync with the Podfile.lock. Run 'pod install' or update your CocoaPods installation.\nEOM\n    exit 1\nfi\n";
			showEnvVarsInLog = 0;
		};
		6F30DF5E6BD36302FCB0636F /* [CP] Copy Pods Resources */ = {
			isa = PBXShellScriptBuildPhase;
			buildActionMask = 2147483647;
			files = (
			);
			inputPaths = (
			);
			name = "[CP] Copy Pods Resources";
			outputPaths = (
			);
			runOnlyForDeploymentPostprocessing = 0;
			shellPath = /bin/sh;
			shellScript = "\"${SRCROOT}/Pods/Target Support Files/Pods-PullupTests/Pods-PullupTests-resources.sh\"\n";
			showEnvVarsInLog = 0;
		};
		A89647F4C3ACD86928F99F94 /* [CP] Check Pods Manifest.lock */ = {
			isa = PBXShellScriptBuildPhase;
			buildActionMask = 2147483647;
			files = (
			);
			inputPaths = (
			);
			name = "[CP] Check Pods Manifest.lock";
			outputPaths = (
			);
			runOnlyForDeploymentPostprocessing = 0;
			shellPath = /bin/sh;
			shellScript = "diff \"${PODS_ROOT}/../Podfile.lock\" \"${PODS_ROOT}/Manifest.lock\" > /dev/null\nif [[ $? != 0 ]] ; then\n    cat << EOM\nerror: The sandbox is not in sync with the Podfile.lock. Run 'pod install' or update your CocoaPods installation.\nEOM\n    exit 1\nfi\n";
			showEnvVarsInLog = 0;
		};
		AA44F1EBA54A2B51CD77F394 /* [CP] Embed Pods Frameworks */ = {
			isa = PBXShellScriptBuildPhase;
			buildActionMask = 2147483647;
			files = (
			);
			inputPaths = (
			);
			name = "[CP] Embed Pods Frameworks";
			outputPaths = (
			);
			runOnlyForDeploymentPostprocessing = 0;
			shellPath = /bin/sh;
			shellScript = "\"${SRCROOT}/Pods/Target Support Files/Pods-PullupTests/Pods-PullupTests-frameworks.sh\"\n";
			showEnvVarsInLog = 0;
		};
/* End PBXShellScriptBuildPhase section */

/* Begin PBXSourcesBuildPhase section */
		269A3EFE19BFB94C009539B7 /* Sources */ = {
			isa = PBXSourcesBuildPhase;
			buildActionMask = 2147483647;
			files = (
				2677BAB91D2DE0C000814528 /* SSTBottomNavigationViewController.m in Sources */,
				269A3F3F19BFBED0009539B7 /* SSTMainViewController.m in Sources */,
				269A3F4219BFBF10009539B7 /* SSTCollectionViewController.m in Sources */,
				2677BAB61D2DE09000814528 /* SSTLocationBarViewController.m in Sources */,
				269A3F1219BFB94C009539B7 /* main.m in Sources */,
				269A3F3C19BFBCBB009539B7 /* SSTBaseViewController.m in Sources */,
				2677BABC1D2DE27000814528 /* SSTCollectionViewCoordinator.m in Sources */,
				269A3F1619BFB94C009539B7 /* SSTAppDelegate.m in Sources */,
			);
			runOnlyForDeploymentPostprocessing = 0;
		};
		269A3F1F19BFB94C009539B7 /* Sources */ = {
			isa = PBXSourcesBuildPhase;
			buildActionMask = 2147483647;
			files = (
				269A3F3119BFB94C009539B7 /* PullupTests.m in Sources */,
			);
			runOnlyForDeploymentPostprocessing = 0;
		};
/* End PBXSourcesBuildPhase section */

/* Begin PBXTargetDependency section */
		269A3F2919BFB94C009539B7 /* PBXTargetDependency */ = {
			isa = PBXTargetDependency;
			target = 269A3F0119BFB94C009539B7 /* Pullup */;
			targetProxy = 269A3F2819BFB94C009539B7 /* PBXContainerItemProxy */;
		};
/* End PBXTargetDependency section */

/* Begin PBXVariantGroup section */
		269A3F0E19BFB94C009539B7 /* InfoPlist.strings */ = {
			isa = PBXVariantGroup;
			children = (
				269A3F0F19BFB94C009539B7 /* en */,
			);
			name = InfoPlist.strings;
			sourceTree = "<group>";
		};
		269A3F1719BFB94C009539B7 /* Main.storyboard */ = {
			isa = PBXVariantGroup;
			children = (
				269A3F1819BFB94C009539B7 /* Base */,
			);
			name = Main.storyboard;
			sourceTree = "<group>";
		};
		269A3F2D19BFB94C009539B7 /* InfoPlist.strings */ = {
			isa = PBXVariantGroup;
			children = (
				269A3F2E19BFB94C009539B7 /* en */,
			);
			name = InfoPlist.strings;
			sourceTree = "<group>";
		};
/* End PBXVariantGroup section */

/* Begin XCBuildConfiguration section */
		269A3F3219BFB94D009539B7 /* Debug */ = {
			isa = XCBuildConfiguration;
			buildSettings = {
				ALWAYS_SEARCH_USER_PATHS = NO;
				CLANG_CXX_LANGUAGE_STANDARD = "gnu++0x";
				CLANG_CXX_LIBRARY = "libc++";
				CLANG_ENABLE_MODULES = YES;
				CLANG_ENABLE_OBJC_ARC = YES;
				CLANG_WARN_BOOL_CONVERSION = YES;
				CLANG_WARN_CONSTANT_CONVERSION = YES;
				CLANG_WARN_DIRECT_OBJC_ISA_USAGE = YES_ERROR;
				CLANG_WARN_EMPTY_BODY = YES;
				CLANG_WARN_ENUM_CONVERSION = YES;
				CLANG_WARN_INT_CONVERSION = YES;
				CLANG_WARN_OBJC_ROOT_CLASS = YES_ERROR;
				CLANG_WARN__DUPLICATE_METHOD_MATCH = YES;
				"CODE_SIGN_IDENTITY[sdk=iphoneos*]" = "iPhone Developer";
				COPY_PHASE_STRIP = NO;
				GCC_C_LANGUAGE_STANDARD = gnu99;
				GCC_DYNAMIC_NO_PIC = NO;
				GCC_OPTIMIZATION_LEVEL = 0;
				GCC_PREPROCESSOR_DEFINITIONS = (
					"DEBUG=1",
					"$(inherited)",
				);
				GCC_SYMBOLS_PRIVATE_EXTERN = NO;
				GCC_WARN_64_TO_32_BIT_CONVERSION = YES;
				GCC_WARN_ABOUT_RETURN_TYPE = YES_ERROR;
				GCC_WARN_UNDECLARED_SELECTOR = YES;
				GCC_WARN_UNINITIALIZED_AUTOS = YES_AGGRESSIVE;
				GCC_WARN_UNUSED_FUNCTION = YES;
				GCC_WARN_UNUSED_VARIABLE = YES;
				IPHONEOS_DEPLOYMENT_TARGET = 7.1;
				ONLY_ACTIVE_ARCH = YES;
				SDKROOT = iphoneos;
			};
			name = Debug;
		};
		269A3F3319BFB94D009539B7 /* Release */ = {
			isa = XCBuildConfiguration;
			buildSettings = {
				ALWAYS_SEARCH_USER_PATHS = NO;
				CLANG_CXX_LANGUAGE_STANDARD = "gnu++0x";
				CLANG_CXX_LIBRARY = "libc++";
				CLANG_ENABLE_MODULES = YES;
				CLANG_ENABLE_OBJC_ARC = YES;
				CLANG_WARN_BOOL_CONVERSION = YES;
				CLANG_WARN_CONSTANT_CONVERSION = YES;
				CLANG_WARN_DIRECT_OBJC_ISA_USAGE = YES_ERROR;
				CLANG_WARN_EMPTY_BODY = YES;
				CLANG_WARN_ENUM_CONVERSION = YES;
				CLANG_WARN_INT_CONVERSION = YES;
				CLANG_WARN_OBJC_ROOT_CLASS = YES_ERROR;
				CLANG_WARN__DUPLICATE_METHOD_MATCH = YES;
				"CODE_SIGN_IDENTITY[sdk=iphoneos*]" = "iPhone Developer";
				COPY_PHASE_STRIP = YES;
				ENABLE_NS_ASSERTIONS = NO;
				GCC_C_LANGUAGE_STANDARD = gnu99;
				GCC_WARN_64_TO_32_BIT_CONVERSION = YES;
				GCC_WARN_ABOUT_RETURN_TYPE = YES_ERROR;
				GCC_WARN_UNDECLARED_SELECTOR = YES;
				GCC_WARN_UNINITIALIZED_AUTOS = YES_AGGRESSIVE;
				GCC_WARN_UNUSED_FUNCTION = YES;
				GCC_WARN_UNUSED_VARIABLE = YES;
				IPHONEOS_DEPLOYMENT_TARGET = 7.1;
				SDKROOT = iphoneos;
				VALIDATE_PRODUCT = YES;
			};
			name = Release;
		};
		269A3F3519BFB94D009539B7 /* Debug */ = {
			isa = XCBuildConfiguration;
			baseConfigurationReference = 6EFB4EB3353AC9888860A427 /* Pods-Pullup.debug.xcconfig */;
			buildSettings = {
				ASSETCATALOG_COMPILER_APPICON_NAME = AppIcon;
				ASSETCATALOG_COMPILER_LAUNCHIMAGE_NAME = LaunchImage;
				GCC_PRECOMPILE_PREFIX_HEADER = YES;
				GCC_PREFIX_HEADER = "Pullup/Pullup-Prefix.pch";
				INFOPLIST_FILE = "Pullup/Pullup-Info.plist";
				IPHONEOS_DEPLOYMENT_TARGET = 8.0;
				OTHER_CFLAGS = (
					"$(inherited)",
					"-isystem",
					"\"${PODS_ROOT}/Headers/Public\"",
					"-isystem",
					"\"${PODS_ROOT}/Headers/Public/Reveal-iOS-SDK\"",
					"-isystem",
					"\"${PODS_ROOT}/Headers/Public/UIView-Autolayout\"",
					"-Werror",
				);
				PRODUCT_NAME = "$(TARGET_NAME)";
				WRAPPER_EXTENSION = app;
			};
			name = Debug;
		};
		269A3F3619BFB94D009539B7 /* Release */ = {
			isa = XCBuildConfiguration;
			baseConfigurationReference = D1F8F19038E9FC7CCB22C733 /* Pods-Pullup.release.xcconfig */;
			buildSettings = {
				ASSETCATALOG_COMPILER_APPICON_NAME = AppIcon;
				ASSETCATALOG_COMPILER_LAUNCHIMAGE_NAME = LaunchImage;
				GCC_PRECOMPILE_PREFIX_HEADER = YES;
				GCC_PREFIX_HEADER = "Pullup/Pullup-Prefix.pch";
				INFOPLIST_FILE = "Pullup/Pullup-Info.plist";
				IPHONEOS_DEPLOYMENT_TARGET = 8.0;
				OTHER_CFLAGS = (
					"$(inherited)",
					"-isystem",
					"\"${PODS_ROOT}/Headers/Public\"",
					"-isystem",
					"\"${PODS_ROOT}/Headers/Public/Reveal-iOS-SDK\"",
					"-isystem",
					"\"${PODS_ROOT}/Headers/Public/UIView-Autolayout\"",
					"-Werror",
				);
				PRODUCT_NAME = "$(TARGET_NAME)";
				WRAPPER_EXTENSION = app;
			};
			name = Release;
		};
		269A3F3819BFB94D009539B7 /* Debug */ = {
			isa = XCBuildConfiguration;
			baseConfigurationReference = CC7D85E396133F021B0B7E1A /* Pods-PullupTests.debug.xcconfig */;
			buildSettings = {
				BUNDLE_LOADER = "$(BUILT_PRODUCTS_DIR)/Pullup.app/Pullup";
				FRAMEWORK_SEARCH_PATHS = (
					"$(SDKROOT)/Developer/Library/Frameworks",
					"$(inherited)",
					"$(DEVELOPER_FRAMEWORKS_DIR)",
				);
				GCC_PRECOMPILE_PREFIX_HEADER = YES;
				GCC_PREFIX_HEADER = "Pullup/Pullup-Prefix.pch";
				GCC_PREPROCESSOR_DEFINITIONS = (
					"DEBUG=1",
					"$(inherited)",
				);
				INFOPLIST_FILE = "PullupTests/PullupTests-Info.plist";
				PRODUCT_NAME = "$(TARGET_NAME)";
				TEST_HOST = "$(BUNDLE_LOADER)";
				WRAPPER_EXTENSION = xctest;
			};
			name = Debug;
		};
		269A3F3919BFB94D009539B7 /* Release */ = {
			isa = XCBuildConfiguration;
			baseConfigurationReference = E2642A9E21E03AD15EB16CDF /* Pods-PullupTests.release.xcconfig */;
			buildSettings = {
				BUNDLE_LOADER = "$(BUILT_PRODUCTS_DIR)/Pullup.app/Pullup";
				FRAMEWORK_SEARCH_PATHS = (
					"$(SDKROOT)/Developer/Library/Frameworks",
					"$(inherited)",
					"$(DEVELOPER_FRAMEWORKS_DIR)",
				);
				GCC_PRECOMPILE_PREFIX_HEADER = YES;
				GCC_PREFIX_HEADER = "Pullup/Pullup-Prefix.pch";
				INFOPLIST_FILE = "PullupTests/PullupTests-Info.plist";
				PRODUCT_NAME = "$(TARGET_NAME)";
				TEST_HOST = "$(BUNDLE_LOADER)";
				WRAPPER_EXTENSION = xctest;
			};
			name = Release;
		};
/* End XCBuildConfiguration section */

/* Begin XCConfigurationList section */
		269A3EFD19BFB94C009539B7 /* Build configuration list for PBXProject "Pullup" */ = {
			isa = XCConfigurationList;
			buildConfigurations = (
				269A3F3219BFB94D009539B7 /* Debug */,
				269A3F3319BFB94D009539B7 /* Release */,
			);
			defaultConfigurationIsVisible = 0;
			defaultConfigurationName = Release;
		};
		269A3F3419BFB94D009539B7 /* Build configuration list for PBXNativeTarget "Pullup" */ = {
			isa = XCConfigurationList;
			buildConfigurations = (
				269A3F3519BFB94D009539B7 /* Debug */,
				269A3F3619BFB94D009539B7 /* Release */,
			);
			defaultConfigurationIsVisible = 0;
			defaultConfigurationName = Release;
		};
		269A3F3719BFB94D009539B7 /* Build configuration list for PBXNativeTarget "PullupTests" */ = {
			isa = XCConfigurationList;
			buildConfigurations = (
				269A3F3819BFB94D009539B7 /* Debug */,
				269A3F3919BFB94D009539B7 /* Release */,
			);
			defaultConfigurationIsVisible = 0;
			defaultConfigurationName = Release;
		};
/* End XCConfigurationList section */
	};
	rootObject = 269A3EFA19BFB94C009539B7 /* Project object */;
}
